lockfileVersion: '9.0'

settings:
  autoInstallPeers: true
  excludeLinksFromLockfile: false
  injectWorkspacePackages: true

importers:

  .:
    dependencies:
      opencode-ai:
        specifier: 1.17.6
        version: 1.17.6

packages:

  opencode-ai@1.17.6:
    resolution: {integrity: sha512-pJpt21bapyvQ5Mye0M0IY3VGGDF48ddRdV7goyEVuNTtGo1OFmyuMCFsWX4ALbj8bHf+ebwTtVtCa2fwoI+uEQ==}
    cpu: [arm64, x64]
    os: [darwin, linux, win32]
    hasBin: true

  opencode-darwin-arm64@1.17.6:
    resolution: {integrity: sha512-GMrdcxuhM+ohJ53nphg0lOOu0yTVBy+KYQM3f8CxwOHJBxF7+kVsiZPzOBJWXEOkFfPT5ZPY/FJPdZNcrzSaVA==}
    cpu: [arm64]
    os: [darwin]

  opencode-darwin-x64-baseline@1.17.6:
    resolution: {integrity: sha512-tKO9RcTD+jALhfyM+gUliNa9DsBgPr+CAlvUtAl7VtcTXOtUf1F2BgY51OFVjdmMKdzLyM2HOdf1ELxq5dYWpg==}
    cpu: [x64]
    os: [darwin]

  opencode-darwin-x64@1.17.6:
    resolution: {integrity: sha512-Y2Hi5n4Q1BtqTVyIjxciaTEC8CxMD6+bIIZoNSi6we/jhiC5NPOhBbCQFlu6bcFnP2En9T0GvAiz73hvMDCPnA==}
    cpu: [x64]
    os: [darwin]

  opencode-linux-arm64-musl@1.17.6:
    resolution: {integrity: sha512-rMoV+DMHMkzx3ZMbhlbRRsHwF7IcGjKQokjmN7VOkX/K8hghZvF7d3wD2YPeOldZHHzucdGOHYR5dqWqfP0moQ==}
    cpu: [arm64]
    os: [linux]

  opencode-linux-arm64@1.17.6:
    resolution: {integrity: sha512-I29+BqsG878YtfRfuwLRvt8sCFdlkIyXaPk/iZ9ToaiY/NXWld9AmKlePLKSdrkNbGYo+haXrBhH0D4QxVh1NQ==}
    cpu: [arm64]
    os: [linux]

  opencode-linux-x64-baseline-musl@1.17.6:
    resolution: {integrity: sha512-AGAASJviA2BRdXFFYtHMpgjKiTQRS/8URv6okVqC4g85MBhi9FOXghzs0i3puqAhkj0onqe9cZk2shDO2JfnSg==}
    cpu: [x64]
    os: [linux]

  opencode-linux-x64-baseline@1.17.6:
    resolution: {integrity: sha512-jkn0j/v1cZ9MaIX10uC/PVI3UFc1zGK4s0ZQQR/4bLCrCZ1EeXwSRQJxeCAwLgEeepZbLuZhnPEyBf9Uy0cw+Q==}
    cpu: [x64]
    os: [linux]

  opencode-linux-x64-musl@1.17.6:
    resolution: {integrity: sha512-jgrjw6X4mlsKxIlX9h1b9YI/c4f0XT+wgn1VfaXSZnssqr6Kvzf3njsIoreVhHnyIKMqngKGKsxlp3sTxn9i/g==}
    cpu: [x64]
    os: [linux]

  opencode-linux-x64@1.17.6:
    resolution: {integrity: sha512-J+3Vn/+4zg3BnpMSanGiIJ6SPmKnVnRsyFpfZzAoVOli9aShSYI7zWpy7KCy9zn6JYkMWa1v+hdW+0Ou1Wr0Vw==}
    cpu: [x64]
    os: [linux]

  opencode-windows-arm64@1.17.6:
    resolution: {integrity: sha512-WGYSRE2hNEsuoKVKHNBIML+OHrwF/UiFQMwrY4zjnz+CC95+Kjr1qM66iPvQyJCbLlmYGHXcx1Gt7qCG55lYpg==}
    cpu: [arm64]
    os: [win32]

  opencode-windows-x64-baseline@1.17.6:
    resolution: {integrity: sha512-oR2rl+UzP76KfxCOnV9paaRHRqFMSXrYIkH4ewF0dCrq9djh9cfVsSd9SjVLOcvShIMpIg4SbCsz3GpeN+XAdQ==}
    cpu: [x64]
    os: [win32]

  opencode-windows-x64@1.17.6:
    resolution: {integrity: sha512-W0MZV0psmk+9BqdGXa72r6Jq6hwKPdzhgCA66UzdBXJ+A6xqXUrgh5o/P3O8LNS4cUiRHaSDdnIca96ZfLo5SA==}
    cpu: [x64]
    os: [win32]

snapshots:

  opencode-ai@1.17.6:
    optionalDependencies:
      opencode-darwin-arm64: 1.17.6
      opencode-darwin-x64: 1.17.6
      opencode-darwin-x64-baseline: 1.17.6
      opencode-linux-arm64: 1.17.6
      opencode-linux-arm64-musl: 1.17.6
      opencode-linux-x64: 1.17.6
      opencode-linux-x64-baseline: 1.17.6
      opencode-linux-x64-baseline-musl: 1.17.6
      opencode-linux-x64-musl: 1.17.6
      opencode-windows-arm64: 1.17.6
      opencode-windows-x64: 1.17.6
      opencode-windows-x64-baseline: 1.17.6

  opencode-darwin-arm64@1.17.6:
    optional: true

  opencode-darwin-x64-baseline@1.17.6:
    optional: true

  opencode-darwin-x64@1.17.6:
    optional: true

  opencode-linux-arm64-musl@1.17.6:
    optional: true

  opencode-linux-arm64@1.17.6:
    optional: true

  opencode-linux-x64-baseline-musl@1.17.6:
    optional: true

  opencode-linux-x64-baseline@1.17.6:
    optional: true

  opencode-linux-x64-musl@1.17.6:
    optional: true

  opencode-linux-x64@1.17.6:
    optional: true

  opencode-windows-arm64@1.17.6:
    optional: true

  opencode-windows-x64-baseline@1.17.6:
    optional: true

  opencode-windows-x64@1.17.6:
    optional: true
